<Solution>
  <Folder Name="/src/">
    <Project Path="src/SecondBrain.Files.Tests/SecondBrain.Files.Tests.csproj" />
    <Project Path="src/SecondBrain.Files/SecondBrain.Files.csproj" />
    <Project Path="src/SecondBrain.Index.Tests/SecondBrain.Index.Tests.csproj" />
    <Project Path="src/SecondBrain.Index/SecondBrain.Index.csproj" />
    <Project Path="src/SecondBrain.AliasMiner/SecondBrain.AliasMiner.csproj" />
    <Project Path="src/SecondBrain.ClassifyEval/SecondBrain.ClassifyEval.csproj" />
    <Project Path="src/SecondBrain.IndexBuilder/SecondBrain.IndexBuilder.csproj" />
    <Project Path="src/SecondBrain.Llm.Tests/SecondBrain.Llm.Tests.csproj" />
    <Project Path="src/SecondBrain.Llm/SecondBrain.Llm.csproj" />
    <Project Path="src/SecondBrain.Mcp/SecondBrain.Mcp.csproj" />
    <Project Path="src/SecondBrain.Mcp.Tests/SecondBrain.Mcp.Tests.csproj" />
    <Project Path="src/SecondBrain.PromptEval/SecondBrain.PromptEval.csproj" />
    <Project Path="src/SecondBrain.PromptEval.Tests/SecondBrain.PromptEval.Tests.csproj" />
  </Folder>
</Solution>
